{
  "name": "jevio",
  "version": "0.1.0",
  "lockfileVersion": 3,
  "requires": true,
  "packages": {
    "": {
      "name": "jevio",
      "version": "0.1.0",
      "license": "MIT",
      "dependencies": {
        "@earendil-works/pi-tui": "^0.80.5",
        "@opentelemetry/api": "^1.9.1",
        "@opentelemetry/exporter-trace-otlp-http": "^0.220.0",
        "@opentelemetry/resources": "^2.9.0",
        "@opentelemetry/sdk-trace-base": "^2.9.0",
        "@opentelemetry/sdk-trace-node": "^2.9.0"
      },
      "bin": {
        "jevio": "bin/jevio.mjs"
      },
      "engines": {
        "node": ">=22.19"
      }
    },
    "node_modules/@earendil-works/pi-tui": {
      "version": "0.80.5",
      "resolved": "https://registry.npmjs.org/@earendil-works/pi-tui/-/pi-tui-0.80.5.tgz",
      "integrity": "sha512-raxEUD2CvCDNJuOWEAI+xD7vmxCrGH0NYb31+GQDdL1q9WXn5+uNLgP1vkJfOsTvf9k5zU5sNFA06oBIcWSYtQ==",
      "license": "MIT",
      "dependencies": {
        "get-east-asian-width": "1.6.0",
        "marked": "18.0.5"
      },
      "engines": {
        "node": ">=22.19.0"
      }
    },
    "node_modules/@opentelemetry/api": {
      "version": "1.9.1",
      "resolved": "https://registry.npmjs.org/@opentelemetry/api/-/api-1.9.1.tgz",
      "integrity": "sha512-gLyJlPHPZYdAk1JENA9LeHejZe1Ti77/pTeFm/nMXmQH/HFZlcS/O2XJB+L8fkbrNSqhdtlvjBVjxwUYanNH5Q==",
      "license": "Apache-2.0",
      "engines": {
        "node": ">=8.0.0"
      }
    },
    "node_modules/@opentelemetry/api-logs": {
      "version": "0.220.0",
      "resolved": "https://registry.npmjs.org/@opentelemetry/api-logs/-/api-logs-0.220.0.tgz",
      "integrity": "sha512-CmVa4ImJ+ynfrPMNaAXHET6Bhb44SwzmfyVJFq9ni2jgXJR/l7C6gfVFddNmHP+ZOkP9cf4f9DBe68qVLTHc9w==",
      "license": "Apache-2.0",
      "dependencies": {
        "@opentelemetry/api": "^1.3.0"
      },
      "engines": {
        "node": ">=8.0.0"
      }
    },
    "node_modules/@opentelemetry/context-async-hooks": {
      "version": "2.9.0",
      "resolved": "https://registry.npmjs.org/@opentelemetry/context-async-hooks/-/context-async-hooks-2.9.0.tgz",
      "integrity": "sha512-OQ0vzvbZBiUhjqLnUaoNfYmP8553Crr3aggB4y0ZUi815mZ7idpdJXQmoKdeBKJelYttoBlLSSHubmyw3wvX4w==",
      "license": "Apache-2.0",
      "engines": {
        "node": "^18.19.0 || >=20.6.0"
      },
      "peerDependencies": {
        "@opentelemetry/api": ">=1.0.0 <1.10.0"
      }
    },
    "node_modules/@opentelemetry/core": {
      "version": "2.9.0",
      "resolved": "https://registry.npmjs.org/@opentelemetry/core/-/core-2.9.0.tgz",
      "integrity": "sha512-m2nckMT80NnmjTYSPjJQObBJ+8dgkoajEOUbznL8AHZ3T3yHRk2P7gI1PhEBc1+lOnrYE9UWrWHqJDsmqjmNbw==",
      "license": "Apache-2.0",
      "dependencies": {
        "@opentelemetry/semantic-conventions": "^1.29.0"
      },
      "engines": {
        "node": "^18.19.0 || >=20.6.0"
      },
      "peerDependencies": {
        "@opentelemetry/api": ">=1.0.0 <1.10.0"
      }
    },
    "node_modules/@opentelemetry/exporter-trace-otlp-http": {
      "version": "0.220.0",
      "resolved": "https://registry.npmjs.org/@opentelemetry/exporter-trace-otlp-http/-/exporter-trace-otlp-http-0.220.0.tgz",
      "integrity": "sha512-/+ExB3lRkf+erv4PnoywyL7RHKITidxtUpUTS55k7OQ0dB42S7gEF1gry7swb9MSm1hYLUhJg4QQh9W8SpwwqA==",
      "license": "Apache-2.0",
      "dependencies": {
        "@opentelemetry/core": "2.9.0",
        "@opentelemetry/otlp-exporter-base": "0.220.0",
        "@opentelemetry/otlp-transformer": "0.220.0",
        "@opentelemetry/resources": "2.9.0",
        "@opentelemetry/sdk-trace": "2.9.0"
      },
      "engines": {
        "node": "^18.19.0 || >=20.6.0"
      },
      "peerDependencies": {
        "@opentelemetry/api": "^1.3.0"
      }
    },
    "node_modules/@opentelemetry/otlp-exporter-base": {
      "version": "0.220.0",
      "resolved": "https://registry.npmjs.org/@opentelemetry/otlp-exporter-base/-/otlp-exporter-base-0.220.0.tgz",
      "integrity": "sha512-CXYo8UD5Mn9YbgebO2EL4wejtA+gxLmLiu6HCk2KH2BR7XhFN6/6p1UlCb23DYCjeYkndevLHuejCCN1yx4+OQ==",
      "license": "Apache-2.0",
      "dependencies": {
        "@opentelemetry/core": "2.9.0",
        "@opentelemetry/otlp-transformer": "0.220.0"
      },
      "engines": {
        "node": "^18.19.0 || >=20.6.0"
      },
      "peerDependencies": {
        "@opentelemetry/api": "^1.3.0"
      }
    },
    "node_modules/@opentelemetry/otlp-transformer": {
      "version": "0.220.0",
      "resolved": "https://registry.npmjs.org/@opentelemetry/otlp-transformer/-/otlp-transformer-0.220.0.tgz",
      "integrity": "sha512-lXGrv7KXZ0gNH9SVNUaa6vv6phVYGvJxfXAlMbzbakiXru75f5MZl8Z7oqiMMQD77riVHJCFlQvbZs/VVN2/4A==",
      "license": "Apache-2.0",
      "dependencies": {
        "@opentelemetry/api-logs": "0.220.0",
        "@opentelemetry/core": "2.9.0",
        "@opentelemetry/resources": "2.9.0",
        "@opentelemetry/sdk-logs": "0.220.0",
        "@opentelemetry/sdk-metrics": "2.9.0",
        "@opentelemetry/sdk-trace": "2.9.0"
      },
      "engines": {
        "node": "^18.19.0 || >=20.6.0"
      },
      "peerDependencies": {
        "@opentelemetry/api": "^1.3.0"
      }
    },
    "node_modules/@opentelemetry/resources": {
      "version": "2.9.0",
      "resolved": "https://registry.npmjs.org/@opentelemetry/resources/-/resources-2.9.0.tgz",
      "integrity": "sha512-jyA5MBLQ+Dkl3+JsZkUoUvL7yHvU64kLsvpXKarWm6347Sl1t1bXFTFykUePNpT5WH5pm9a2Qtt03iIYQhZ1Fg==",
      "license": "Apache-2.0",
      "dependencies": {
        "@opentelemetry/core": "2.9.0",
        "@opentelemetry/semantic-conventions": "^1.29.0"
      },
      "engines": {
        "node": "^18.19.0 || >=20.6.0"
      },
      "peerDependencies": {
        "@opentelemetry/api": ">=1.3.0 <1.10.0"
      }
    },
    "node_modules/@opentelemetry/sdk-logs": {
      "version": "0.220.0",
      "resolved": "https://registry.npmjs.org/@opentelemetry/sdk-logs/-/sdk-logs-0.220.0.tgz",
      "integrity": "sha512-WywcTkQtv2iNmt+6y5Kcd4rzvx9bLVsBa2Nwcmg01IUaBTkTow3W4d9KE5vNBpEDtb9tp21WcRBY/lANRrApYA==",
      "license": "Apache-2.0",
      "dependencies": {
        "@opentelemetry/api-logs": "0.220.0",
        "@opentelemetry/core": "2.9.0",
        "@opentelemetry/resources": "2.9.0",
        "@opentelemetry/semantic-conventions": "^1.29.0"
      },
      "engines": {
        "node": "^18.19.0 || >=20.6.0"
      },
      "peerDependencies": {
        "@opentelemetry/api": ">=1.4.0 <1.10.0"
      }
    },
    "node_modules/@opentelemetry/sdk-metrics": {
      "version": "2.9.0",
      "resolved": "https://registry.npmjs.org/@opentelemetry/sdk-metrics/-/sdk-metrics-2.9.0.tgz",
      "integrity": "sha512-Xx8RGS4H5XEBl01WuCreMIpiah9cCXMbSkeuIePPdD2cUpq/vUzYmj8E/MK1OsbOc93FuAD4jfn2WOacKwLn7Q==",
      "license": "Apache-2.0",
      "dependencies": {
        "@opentelemetry/core": "2.9.0",
        "@opentelemetry/resources": "2.9.0"
      },
      "engines": {
        "node": "^18.19.0 || >=20.6.0"
      },
      "peerDependencies": {
        "@opentelemetry/api": ">=1.9.0 <1.10.0"
      }
    },
    "node_modules/@opentelemetry/sdk-trace": {
      "version": "2.9.0",
      "resolved": "https://registry.npmjs.org/@opentelemetry/sdk-trace/-/sdk-trace-2.9.0.tgz",
      "integrity": "sha512-sGA19HvtrrSKYsseHphluH6j3p6Xa3fqc7c7y8f/7mYWejc1lyDFcpSdD1kYa50HCLUeEo4zA5bW0pniaPszuw==",
      "license": "Apache-2.0",
      "dependencies": {
        "@opentelemetry/core": "2.9.0",
        "@opentelemetry/resources": "2.9.0",
        "@opentelemetry/semantic-conventions": "^1.29.0"
      },
      "engines": {
        "node": "^18.19.0 || >=20.6.0"
      },
      "peerDependencies": {
        "@opentelemetry/api": ">=1.3.0 <1.10.0"
      }
    },
    "node_modules/@opentelemetry/sdk-trace-base": {
      "version": "2.9.0",
      "resolved": "https://registry.npmjs.org/@opentelemetry/sdk-trace-base/-/sdk-trace-base-2.9.0.tgz",
      "integrity": "sha512-cp9zmTl62R8PJrpvFcmc8N2JQU/xfa0S+61q511Nji+QxCfZ8Ifvg7H27G8cANe4crg4RTrWsVvanHiXjSp6ag==",
      "license": "Apache-2.0",
      "dependencies": {
        "@opentelemetry/core": "2.9.0",
        "@opentelemetry/resources": "2.9.0",
        "@opentelemetry/sdk-trace": "2.9.0",
        "@opentelemetry/semantic-conventions": "^1.29.0"
      },
      "engines": {
        "node": "^18.19.0 || >=20.6.0"
      },
      "peerDependencies": {
        "@opentelemetry/api": ">=1.3.0 <1.10.0"
      }
    },
    "node_modules/@opentelemetry/sdk-trace-node": {
      "version": "2.9.0",
      "resolved": "https://registry.npmjs.org/@opentelemetry/sdk-trace-node/-/sdk-trace-node-2.9.0.tgz",
      "integrity": "sha512-ec9a7ps37huy5itYk0MalaZdSLlM6AXWp/FhtEjgMpp5leEGojBDvAl/UWttQnkMZOvFHKzRESn8TD3yKTF5nQ==",
      "license": "Apache-2.0",
      "dependencies": {
        "@opentelemetry/context-async-hooks": "2.9.0",
        "@opentelemetry/core": "2.9.0",
        "@opentelemetry/sdk-trace-base": "2.9.0"
      },
      "engines": {
        "node": "^18.19.0 || >=20.6.0"
      },
      "peerDependencies": {
        "@opentelemetry/api": ">=1.0.0 <1.10.0"
      }
    },
    "node_modules/@opentelemetry/semantic-conventions": {
      "version": "1.43.0",
      "resolved": "https://registry.npmjs.org/@opentelemetry/semantic-conventions/-/semantic-conventions-1.43.0.tgz",
      "integrity": "sha512-eSYWTm620tTk45EKSedaUL8MFYI8hW164hIXsgIHyxu3VobUB3fFCu5t0hQby6OoWRPsG1KkKUG2M5UadiLiVg==",
      "license": "Apache-2.0",
      "engines": {
        "node": ">=14"
      }
    },
    "node_modules/get-east-asian-width": {
      "version": "1.6.0",
      "resolved": "https://registry.npmjs.org/get-east-asian-width/-/get-east-asian-width-1.6.0.tgz",
      "integrity": "sha512-QRbvDIbx6YklUe6RxeTeleMR0yv3cYH6PsPZHcnVn7xv7zO1BHN8r0XETu8n6Ye3Q+ahtSarc3WgtNWmehIBfA==",
      "license": "MIT",
      "engines": {
        "node": ">=18"
      },
      "funding": {
        "url": "https://github.com/sponsors/sindresorhus"
      }
    },
    "node_modules/marked": {
      "version": "18.0.5",
      "resolved": "https://registry.npmjs.org/marked/-/marked-18.0.5.tgz",
      "integrity": "sha512-S6GcvALHg6K4ohtu4E7x0a1AqhAjp6cV8KhLSyN9qVapnzJkusVBxZRcIU9AeYsbe6P1hKDusSbEOzGyyuce6w==",
      "license": "MIT",
      "bin": {
        "marked": "bin/marked.js"
      },
      "engines": {
        "node": ">= 20"
      }
    }
  }
}
