{
  "name": "jevio",
  "version": "0.1.0",
  "lockfileVersion": 3,
  "requires": true,
  "packages": {
    "": {
      "name": "jevio",
      "version": "0.1.0",
      "license": "MIT",
      "dependencies": {
        "@earendil-works/pi-tui": "^0.80.5"
      },
      "bin": {
        "jevio": "bin/jevio.mjs"
      },
      "engines": {
        "node": ">=22.19"
      }
    },
    "node_modules/@earendil-works/pi-tui": {
      "version": "0.80.5",
      "resolved": "https://registry.npmjs.org/@earendil-works/pi-tui/-/pi-tui-0.80.5.tgz",
      "integrity": "sha512-raxEUD2CvCDNJuOWEAI+xD7vmxCrGH0NYb31+GQDdL1q9WXn5+uNLgP1vkJfOsTvf9k5zU5sNFA06oBIcWSYtQ==",
      "license": "MIT",
      "dependencies": {
        "get-east-asian-width": "1.6.0",
        "marked": "18.0.5"
      },
      "engines": {
        "node": ">=22.19.0"
      }
    },
    "node_modules/get-east-asian-width": {
      "version": "1.6.0",
      "resolved": "https://registry.npmjs.org/get-east-asian-width/-/get-east-asian-width-1.6.0.tgz",
      "integrity": "sha512-QRbvDIbx6YklUe6RxeTeleMR0yv3cYH6PsPZHcnVn7xv7zO1BHN8r0XETu8n6Ye3Q+ahtSarc3WgtNWmehIBfA==",
      "license": "MIT",
      "engines": {
        "node": ">=18"
      },
      "funding": {
        "url": "https://github.com/sponsors/sindresorhus"
      }
    },
    "node_modules/marked": {
      "version": "18.0.5",
      "resolved": "https://registry.npmjs.org/marked/-/marked-18.0.5.tgz",
      "integrity": "sha512-S6GcvALHg6K4ohtu4E7x0a1AqhAjp6cV8KhLSyN9qVapnzJkusVBxZRcIU9AeYsbe6P1hKDusSbEOzGyyuce6w==",
      "license": "MIT",
      "bin": {
        "marked": "bin/marked.js"
      },
      "engines": {
        "node": ">= 20"
      }
    }
  }
}
